
Microsoft Visual Studio Solution File, Format Version 12.00
# Visual Studio 15
VisualStudioVersion = 15.0.28307.421
MinimumVisualStudioVersion = 10.0.40219.1
Project("{2150E333-8FDC-42A3-9474-1A3956D46DE8}") = "Applications", "Applications", "{D121C677-B1EA-43F4-BDB4-DCF8D81CA808}"
EndProject
Project("{FAE04EC0-301F-11D3-BF4B-00C04F79EFBC}") = "WinController.ConsoleApp", "Applications\WinController.ConsoleApp\WinController.ConsoleApp.csproj", "{E3856D37-275E-42CC-AAE8-54885606E06B}"
EndProject
Project("{FAE04EC0-301F-11D3-BF4B-00C04F79EFBC}") = "WinController.ServiceApp", "Applications\WinController.ServiceApp\WinController.ServiceApp.csproj", "{5E540FEE-CBF7-442A-94A0-9D7E45010E19}"
EndProject
Project("{FAE04EC0-301F-11D3-BF4B-00C04F79EFBC}") = "Vsoff.WC.Core", "Vsoff.WC.Core\Vsoff.WC.Core.csproj", "{422963F2-FF71-4B5D-BC87-FF3BD30F1CBA}"
EndProject
Project("{FAE04EC0-301F-11D3-BF4B-00C04F79EFBC}") = "Vsoff.WC.Common", "Vsoff.WC.Common\Vsoff.WC.Common.csproj", "{3FDEFAA6-8E0A-44CB-8142-34D1AB0EDBC7}"
EndProject
Global
	GlobalSection(SolutionConfigurationPlatforms) = preSolution
		Debug|Any CPU = Debug|Any CPU
		Release|Any CPU = Release|Any CPU
	EndGlobalSection
	GlobalSection(ProjectConfigurationPlatforms) = postSolution
		{E3856D37-275E-42CC-AAE8-54885606E06B}.Debug|Any CPU.ActiveCfg = Debug|Any CPU
		{E3856D37-275E-42CC-AAE8-54885606E06B}.Debug|Any CPU.Build.0 = Debug|Any CPU
		{E3856D37-275E-42CC-AAE8-54885606E06B}.Release|Any CPU.ActiveCfg = Release|Any CPU
		{E3856D37-275E-42CC-AAE8-54885606E06B}.Release|Any CPU.Build.0 = Release|Any CPU
		{5E540FEE-CBF7-442A-94A0-9D7E45010E19}.Debug|Any CPU.ActiveCfg = Debug|Any CPU
		{5E540FEE-CBF7-442A-94A0-9D7E45010E19}.Debug|Any CPU.Build.0 = Debug|Any CPU
		{5E540FEE-CBF7-442A-94A0-9D7E45010E19}.Release|Any CPU.ActiveCfg = Release|Any CPU
		{5E540FEE-CBF7-442A-94A0-9D7E45010E19}.Release|Any CPU.Build.0 = Release|Any CPU
		{422963F2-FF71-4B5D-BC87-FF3BD30F1CBA}.Debug|Any CPU.ActiveCfg = Debug|Any CPU
		{422963F2-FF71-4B5D-BC87-FF3BD30F1CBA}.Debug|Any CPU.Build.0 = Debug|Any CPU
		{422963F2-FF71-4B5D-BC87-FF3BD30F1CBA}.Release|Any CPU.ActiveCfg = Release|Any CPU
		{422963F2-FF71-4B5D-BC87-FF3BD30F1CBA}.Release|Any CPU.Build.0 = Release|Any CPU
		{3FDEFAA6-8E0A-44CB-8142-34D1AB0EDBC7}.Debug|Any CPU.ActiveCfg = Debug|Any CPU
		{3FDEFAA6-8E0A-44CB-8142-34D1AB0EDBC7}.Debug|Any CPU.Build.0 = Debug|Any CPU
		{3FDEFAA6-8E0A-44CB-8142-34D1AB0EDBC7}.Release|Any CPU.ActiveCfg = Release|Any CPU
		{3FDEFAA6-8E0A-44CB-8142-34D1AB0EDBC7}.Release|Any CPU.Build.0 = Release|Any CPU
	EndGlobalSection
	GlobalSection(SolutionProperties) = preSolution
		HideSolutionNode = FALSE
	EndGlobalSection
	GlobalSection(NestedProjects) = preSolution
		{E3856D37-275E-42CC-AAE8-54885606E06B} = {D121C677-B1EA-43F4-BDB4-DCF8D81CA808}
		{5E540FEE-CBF7-442A-94A0-9D7E45010E19} = {D121C677-B1EA-43F4-BDB4-DCF8D81CA808}
	EndGlobalSection
	GlobalSection(ExtensibilityGlobals) = postSolution
		SolutionGuid = {4F88BA3B-E896-4E13-B5E6-427E2A1A6C22}
	EndGlobalSection
EndGlobal
